
Microsoft Visual Studio Solution File, Format Version 12.00
# Visual Studio 15
VisualStudioVersion = 15.0.26730.12
MinimumVisualStudioVersion = 10.0.40219.1
Project("{FAE04EC0-301F-11D3-BF4B-00C04F79EFBC}") = "Guoli.Model", "Guoli.Model\Guoli.Model.csproj", "{3A39861F-DAF5-4320-8154-3FF01EB56846}"
EndProject
Project("{FAE04EC0-301F-11D3-BF4B-00C04F79EFBC}") = "Guoli.DbProvider", "Guoli.DbProvider\Guoli.DbProvider.csproj", "{C363C115-7397-4727-8F95-397351B5450E}"
EndProject
Project("{FAE04EC0-301F-11D3-BF4B-00C04F79EFBC}") = "Guoli.WebTest", "Guoli.WebTest\Guoli.WebTest.csproj", "{B02C3B28-E748-4E45-AFD1-8D2A999891E1}"
EndProject
Project("{FAE04EC0-301F-11D3-BF4B-00C04F79EFBC}") = "Guoli.Utilities", "Guoli.Utilities\Guoli.Utilities.csproj", "{745F6E7C-1DC1-4288-804B-C68E2995F080}"
EndProject
Project("{FAE04EC0-301F-11D3-BF4B-00C04F79EFBC}") = "Guoli.Dal", "Guoli.Dal\Guoli.Dal.csproj", "{51A4767F-B4F5-4C94-BDAF-408605DCD54D}"
EndProject
Project("{FAE04EC0-301F-11D3-BF4B-00C04F79EFBC}") = "Guoli.Admin", "Guoli.Admin\Guoli.Admin.csproj", "{A0DC1C9A-738C-4209-8875-24FCEE868481}"
EndProject
Project("{FAE04EC0-301F-11D3-BF4B-00C04F79EFBC}") = "Guoli.Bll", "Guoli.Bll\Guoli.Bll.csproj", "{BE4AE0E1-EFC2-4A7F-9D4D-590539144E0C}"
EndProject
Project("{FAE04EC0-301F-11D3-BF4B-00C04F79EFBC}") = "Guoli.UtilitiesTest", "Guoli.UtilitiesTest\Guoli.UtilitiesTest.csproj", "{AA8DD5F6-D322-43E5-A3B1-F620E6484F6A}"
EndProject
Project("{FAE04EC0-301F-11D3-BF4B-00C04F79EFBC}") = "Guoli.DataMigration", "Guoli.DataMigration\Guoli.DataMigration.csproj", "{A8ACEAB8-D819-4E13-B8DA-06D707C59ECE}"
EndProject
Project("{FAE04EC0-301F-11D3-BF4B-00C04F79EFBC}") = "Guoli.AdminTest", "Guoli.AdminTest\Guoli.AdminTest.csproj", "{18FC0F33-50C5-4330-9DDF-C46DD62E472A}"
EndProject
Project("{FAE04EC0-301F-11D3-BF4B-00C04F79EFBC}") = "Guoli.DataMigrationTest", "Guoli.DataMigrationTest\Guoli.DataMigrationTest.csproj", "{0E4C1E23-9999-42D2-8989-74591C7419A1}"
EndProject
Project("{FAE04EC0-301F-11D3-BF4B-00C04F79EFBC}") = "Guoli.WinService", "Guoli.WinService\Guoli.WinService.csproj", "{9AF89F90-8310-417E-877C-4C47ECF1F760}"
EndProject
Project("{FAE04EC0-301F-11D3-BF4B-00C04F79EFBC}") = "Guoli.Import", "Guoli.Import\Guoli.Import.csproj", "{76439C14-1888-4BA0-AC5C-0B6E9E1A5FF6}"
EndProject
Project("{FAE04EC0-301F-11D3-BF4B-00C04F79EFBC}") = "Guoli.MSSqlToSqlite", "Guoli.MSSqlToSqlite\Guoli.MSSqlToSqlite.csproj", "{2D107387-C9E8-4855-830D-D7A25604E004}"
EndProject
Project("{FAE04EC0-301F-11D3-BF4B-00C04F79EFBC}") = "Guoli.MSSqlToSqlite.Test", "Guoli.MSSqlToSqlite.Test\Guoli.MSSqlToSqlite.Test.csproj", "{568E9F0F-C7EC-4C5C-BF11-3390C0DFD808}"
EndProject
Project("{FAE04EC0-301F-11D3-BF4B-00C04F79EFBC}") = "Guoli.DbProvider.Test", "Guoli.DbProvider.Test\Guoli.DbProvider.Test.csproj", "{8A9D5ABF-95F8-41C3-9C41-077246DC30B3}"
EndProject
Project("{FAE04EC0-301F-11D3-BF4B-00C04F79EFBC}") = "Guoli.Import.Test", "Guoli.Import.Test\Guoli.Import.Test.csproj", "{C97CA14D-CDC5-4415-B7B3-C492E201FCDD}"
EndProject
Global
	GlobalSection(SolutionConfigurationPlatforms) = preSolution
		Debug|Any CPU = Debug|Any CPU
		Release|Any CPU = Release|Any CPU
	EndGlobalSection
	GlobalSection(ProjectConfigurationPlatforms) = postSolution
		{3A39861F-DAF5-4320-8154-3FF01EB56846}.Debug|Any CPU.ActiveCfg = Debug|Any CPU
		{3A39861F-DAF5-4320-8154-3FF01EB56846}.Debug|Any CPU.Build.0 = Debug|Any CPU
		{3A39861F-DAF5-4320-8154-3FF01EB56846}.Release|Any CPU.ActiveCfg = Release|Any CPU
		{3A39861F-DAF5-4320-8154-3FF01EB56846}.Release|Any CPU.Build.0 = Release|Any CPU
		{C363C115-7397-4727-8F95-397351B5450E}.Debug|Any CPU.ActiveCfg = Debug|Any CPU
		{C363C115-7397-4727-8F95-397351B5450E}.Debug|Any CPU.Build.0 = Debug|Any CPU
		{C363C115-7397-4727-8F95-397351B5450E}.Release|Any CPU.ActiveCfg = Release|Any CPU
		{C363C115-7397-4727-8F95-397351B5450E}.Release|Any CPU.Build.0 = Release|Any CPU
		{B02C3B28-E748-4E45-AFD1-8D2A999891E1}.Debug|Any CPU.ActiveCfg = Debug|Any CPU
		{B02C3B28-E748-4E45-AFD1-8D2A999891E1}.Debug|Any CPU.Build.0 = Debug|Any CPU
		{B02C3B28-E748-4E45-AFD1-8D2A999891E1}.Release|Any CPU.ActiveCfg = Release|Any CPU
		{B02C3B28-E748-4E45-AFD1-8D2A999891E1}.Release|Any CPU.Build.0 = Release|Any CPU
		{745F6E7C-1DC1-4288-804B-C68E2995F080}.Debug|Any CPU.ActiveCfg = Debug|Any CPU
		{745F6E7C-1DC1-4288-804B-C68E2995F080}.Debug|Any CPU.Build.0 = Debug|Any CPU
		{745F6E7C-1DC1-4288-804B-C68E2995F080}.Release|Any CPU.ActiveCfg = Release|Any CPU
		{745F6E7C-1DC1-4288-804B-C68E2995F080}.Release|Any CPU.Build.0 = Release|Any CPU
		{51A4767F-B4F5-4C94-BDAF-408605DCD54D}.Debug|Any CPU.ActiveCfg = Debug|Any CPU
		{51A4767F-B4F5-4C94-BDAF-408605DCD54D}.Debug|Any CPU.Build.0 = Debug|Any CPU
		{51A4767F-B4F5-4C94-BDAF-408605DCD54D}.Release|Any CPU.ActiveCfg = Release|Any CPU
		{51A4767F-B4F5-4C94-BDAF-408605DCD54D}.Release|Any CPU.Build.0 = Release|Any CPU
		{A0DC1C9A-738C-4209-8875-24FCEE868481}.Debug|Any CPU.ActiveCfg = Debug|Any CPU
		{A0DC1C9A-738C-4209-8875-24FCEE868481}.Debug|Any CPU.Build.0 = Debug|Any CPU
		{A0DC1C9A-738C-4209-8875-24FCEE868481}.Release|Any CPU.ActiveCfg = Release|Any CPU
		{A0DC1C9A-738C-4209-8875-24FCEE868481}.Release|Any CPU.Build.0 = Release|Any CPU
		{BE4AE0E1-EFC2-4A7F-9D4D-590539144E0C}.Debug|Any CPU.ActiveCfg = Debug|Any CPU
		{BE4AE0E1-EFC2-4A7F-9D4D-590539144E0C}.Debug|Any CPU.Build.0 = Debug|Any CPU
		{BE4AE0E1-EFC2-4A7F-9D4D-590539144E0C}.Release|Any CPU.ActiveCfg = Release|Any CPU
		{BE4AE0E1-EFC2-4A7F-9D4D-590539144E0C}.Release|Any CPU.Build.0 = Release|Any CPU
		{AA8DD5F6-D322-43E5-A3B1-F620E6484F6A}.Debug|Any CPU.ActiveCfg = Debug|Any CPU
		{AA8DD5F6-D322-43E5-A3B1-F620E6484F6A}.Debug|Any CPU.Build.0 = Debug|Any CPU
		{AA8DD5F6-D322-43E5-A3B1-F620E6484F6A}.Release|Any CPU.ActiveCfg = Release|Any CPU
		{AA8DD5F6-D322-43E5-A3B1-F620E6484F6A}.Release|Any CPU.Build.0 = Release|Any CPU
		{A8ACEAB8-D819-4E13-B8DA-06D707C59ECE}.Debug|Any CPU.ActiveCfg = Debug|Any CPU
		{A8ACEAB8-D819-4E13-B8DA-06D707C59ECE}.Debug|Any CPU.Build.0 = Debug|Any CPU
		{A8ACEAB8-D819-4E13-B8DA-06D707C59ECE}.Release|Any CPU.ActiveCfg = Release|Any CPU
		{A8ACEAB8-D819-4E13-B8DA-06D707C59ECE}.Release|Any CPU.Build.0 = Release|Any CPU
		{18FC0F33-50C5-4330-9DDF-C46DD62E472A}.Debug|Any CPU.ActiveCfg = Debug|Any CPU
		{18FC0F33-50C5-4330-9DDF-C46DD62E472A}.Debug|Any CPU.Build.0 = Debug|Any CPU
		{18FC0F33-50C5-4330-9DDF-C46DD62E472A}.Release|Any CPU.ActiveCfg = Release|Any CPU
		{18FC0F33-50C5-4330-9DDF-C46DD62E472A}.Release|Any CPU.Build.0 = Release|Any CPU
		{0E4C1E23-9999-42D2-8989-74591C7419A1}.Debug|Any CPU.ActiveCfg = Debug|Any CPU
		{0E4C1E23-9999-42D2-8989-74591C7419A1}.Debug|Any CPU.Build.0 = Debug|Any CPU
		{0E4C1E23-9999-42D2-8989-74591C7419A1}.Release|Any CPU.ActiveCfg = Release|Any CPU
		{0E4C1E23-9999-42D2-8989-74591C7419A1}.Release|Any CPU.Build.0 = Release|Any CPU
		{9AF89F90-8310-417E-877C-4C47ECF1F760}.Debug|Any CPU.ActiveCfg = Debug|Any CPU
		{9AF89F90-8310-417E-877C-4C47ECF1F760}.Debug|Any CPU.Build.0 = Debug|Any CPU
		{9AF89F90-8310-417E-877C-4C47ECF1F760}.Release|Any CPU.ActiveCfg = Release|Any CPU
		{9AF89F90-8310-417E-877C-4C47ECF1F760}.Release|Any CPU.Build.0 = Release|Any CPU
		{76439C14-1888-4BA0-AC5C-0B6E9E1A5FF6}.Debug|Any CPU.ActiveCfg = Debug|Any CPU
		{76439C14-1888-4BA0-AC5C-0B6E9E1A5FF6}.Debug|Any CPU.Build.0 = Debug|Any CPU
		{76439C14-1888-4BA0-AC5C-0B6E9E1A5FF6}.Release|Any CPU.ActiveCfg = Release|Any CPU
		{76439C14-1888-4BA0-AC5C-0B6E9E1A5FF6}.Release|Any CPU.Build.0 = Release|Any CPU
		{2D107387-C9E8-4855-830D-D7A25604E004}.Debug|Any CPU.ActiveCfg = Debug|Any CPU
		{2D107387-C9E8-4855-830D-D7A25604E004}.Debug|Any CPU.Build.0 = Debug|Any CPU
		{2D107387-C9E8-4855-830D-D7A25604E004}.Release|Any CPU.ActiveCfg = Release|Any CPU
		{2D107387-C9E8-4855-830D-D7A25604E004}.Release|Any CPU.Build.0 = Release|Any CPU
		{568E9F0F-C7EC-4C5C-BF11-3390C0DFD808}.Debug|Any CPU.ActiveCfg = Debug|Any CPU
		{568E9F0F-C7EC-4C5C-BF11-3390C0DFD808}.Debug|Any CPU.Build.0 = Debug|Any CPU
		{568E9F0F-C7EC-4C5C-BF11-3390C0DFD808}.Release|Any CPU.ActiveCfg = Release|Any CPU
		{568E9F0F-C7EC-4C5C-BF11-3390C0DFD808}.Release|Any CPU.Build.0 = Release|Any CPU
		{8A9D5ABF-95F8-41C3-9C41-077246DC30B3}.Debug|Any CPU.ActiveCfg = Debug|Any CPU
		{8A9D5ABF-95F8-41C3-9C41-077246DC30B3}.Debug|Any CPU.Build.0 = Debug|Any CPU
		{8A9D5ABF-95F8-41C3-9C41-077246DC30B3}.Release|Any CPU.ActiveCfg = Release|Any CPU
		{8A9D5ABF-95F8-41C3-9C41-077246DC30B3}.Release|Any CPU.Build.0 = Release|Any CPU
		{C97CA14D-CDC5-4415-B7B3-C492E201FCDD}.Debug|Any CPU.ActiveCfg = Debug|Any CPU
		{C97CA14D-CDC5-4415-B7B3-C492E201FCDD}.Debug|Any CPU.Build.0 = Debug|Any CPU
		{C97CA14D-CDC5-4415-B7B3-C492E201FCDD}.Release|Any CPU.ActiveCfg = Release|Any CPU
		{C97CA14D-CDC5-4415-B7B3-C492E201FCDD}.Release|Any CPU.Build.0 = Release|Any CPU
	EndGlobalSection
	GlobalSection(SolutionProperties) = preSolution
		HideSolutionNode = FALSE
	EndGlobalSection
	GlobalSection(ExtensibilityGlobals) = postSolution
		SolutionGuid = {13743847-E04D-40D9-BE25-5ACF7B77AA46}
	EndGlobalSection
EndGlobal
